<Solution>
  <Project Path="HtmlToDocx for SAR Plots V2/HtmlToDocxV3 for SAR Plots.csproj" Id="6a4bb67e-31ba-4674-a8bb-0f9e7c191448" />
  <Project Path="HtmlToDocx for SAR Plots/HtmlToDocx for SAR Plots.csproj" Id="57b84828-d2d1-4d77-8fd3-c074bf3b388c" />
  <Project Path="HtmlToDocxV3 for SAR Plots/HtmlToDocx for SAR Plots V2.2.csproj" />
  <Project Path="TestSpireDoc/TestSpireDoc.csproj" Id="beb34896-1f07-448e-97db-92effa078a82" />
</Solution>
